
Microsoft Visual Studio Solution File, Format Version 12.00
# Visual Studio Version 17
VisualStudioVersion = 17.5.002.0
MinimumVisualStudioVersion = 10.0.40219.1
Project("{9A19103F-16F7-4668-BE54-9A1E7A4F7556}") = "SecurityAutomationFunction", "SecurityAutomationFunction\SecurityAutomationFunction.csproj", "{7390F053-17F4-4379-A48C-AFDEF19F9958}"
EndProject
Project("{9A19103F-16F7-4668-BE54-9A1E7A4F7556}") = "SecurityScanFunction", "SecurityScanFunction\SecurityScanFunction.csproj", "{B1D15CCA-7912-4D4B-B8BD-C18EDBBB4E0E}"
EndProject
Global
	GlobalSection(SolutionConfigurationPlatforms) = preSolution
		Debug|Any CPU = Debug|Any CPU
		Release|Any CPU = Release|Any CPU
	EndGlobalSection
	GlobalSection(ProjectConfigurationPlatforms) = postSolution
		{7390F053-17F4-4379-A48C-AFDEF19F9958}.Debug|Any CPU.ActiveCfg = Debug|Any CPU
		{7390F053-17F4-4379-A48C-AFDEF19F9958}.Debug|Any CPU.Build.0 = Debug|Any CPU
		{7390F053-17F4-4379-A48C-AFDEF19F9958}.Release|Any CPU.ActiveCfg = Release|Any CPU
		{7390F053-17F4-4379-A48C-AFDEF19F9958}.Release|Any CPU.Build.0 = Release|Any CPU
		{B1D15CCA-7912-4D4B-B8BD-C18EDBBB4E0E}.Debug|Any CPU.ActiveCfg = Debug|Any CPU
		{B1D15CCA-7912-4D4B-B8BD-C18EDBBB4E0E}.Debug|Any CPU.Build.0 = Debug|Any CPU
		{B1D15CCA-7912-4D4B-B8BD-C18EDBBB4E0E}.Release|Any CPU.ActiveCfg = Release|Any CPU
		{B1D15CCA-7912-4D4B-B8BD-C18EDBBB4E0E}.Release|Any CPU.Build.0 = Release|Any CPU
	EndGlobalSection
	GlobalSection(SolutionProperties) = preSolution
		HideSolutionNode = FALSE
	EndGlobalSection
	GlobalSection(ExtensibilityGlobals) = postSolution
		SolutionGuid = {B6D2B74C-4543-4D95-8235-27B4E48D6D37}
	EndGlobalSection
EndGlobal
